
Microsoft Visual Studio Solution File, Format Version 12.00
# Visual Studio 15
VisualStudioVersion = 15.0.28307.271
MinimumVisualStudioVersion = 10.0.40219.1
Project("{9A19103F-16F7-4668-BE54-9A1E7A4F7556}") = "Autobox", "Autobox.Core\Autobox.csproj", "{92000DAE-8EF5-47CB-96D7-A537F059F7DF}"
EndProject
Project("{9A19103F-16F7-4668-BE54-9A1E7A4F7556}") = "libvideo", "..\libvideo\src\libvideo\libvideo.csproj", "{9112D514-A929-4A95-BAB1-AA36E1815F1F}"
EndProject
Project("{FAE04EC0-301F-11D3-BF4B-00C04F79EFBC}") = "Autobox.Desktop", "Autobox.Desktop\Autobox.Desktop.csproj", "{E98422D5-4A2B-4E32-8B50-1C6D98F03A37}"
EndProject
Global
	GlobalSection(SolutionConfigurationPlatforms) = preSolution
		Debug|Any CPU = Debug|Any CPU
		Release|Any CPU = Release|Any CPU
	EndGlobalSection
	GlobalSection(ProjectConfigurationPlatforms) = postSolution
		{92000DAE-8EF5-47CB-96D7-A537F059F7DF}.Debug|Any CPU.ActiveCfg = Debug|Any CPU
		{92000DAE-8EF5-47CB-96D7-A537F059F7DF}.Debug|Any CPU.Build.0 = Debug|Any CPU
		{92000DAE-8EF5-47CB-96D7-A537F059F7DF}.Release|Any CPU.ActiveCfg = Release|Any CPU
		{92000DAE-8EF5-47CB-96D7-A537F059F7DF}.Release|Any CPU.Build.0 = Release|Any CPU
		{9112D514-A929-4A95-BAB1-AA36E1815F1F}.Debug|Any CPU.ActiveCfg = Debug|Any CPU
		{9112D514-A929-4A95-BAB1-AA36E1815F1F}.Debug|Any CPU.Build.0 = Debug|Any CPU
		{9112D514-A929-4A95-BAB1-AA36E1815F1F}.Release|Any CPU.ActiveCfg = Release|Any CPU
		{9112D514-A929-4A95-BAB1-AA36E1815F1F}.Release|Any CPU.Build.0 = Release|Any CPU
		{E98422D5-4A2B-4E32-8B50-1C6D98F03A37}.Debug|Any CPU.ActiveCfg = Debug|Any CPU
		{E98422D5-4A2B-4E32-8B50-1C6D98F03A37}.Debug|Any CPU.Build.0 = Debug|Any CPU
		{E98422D5-4A2B-4E32-8B50-1C6D98F03A37}.Release|Any CPU.ActiveCfg = Release|Any CPU
		{E98422D5-4A2B-4E32-8B50-1C6D98F03A37}.Release|Any CPU.Build.0 = Release|Any CPU
	EndGlobalSection
	GlobalSection(SolutionProperties) = preSolution
		HideSolutionNode = FALSE
	EndGlobalSection
	GlobalSection(ExtensibilityGlobals) = postSolution
		SolutionGuid = {6ABD36EC-FA29-44A1-8707-75B2975F07E7}
	EndGlobalSection
EndGlobal
